
Microsoft Visual Studio Solution File, Format Version 12.00
# Visual Studio Version 17
VisualStudioVersion = 17.8.34316.72
MinimumVisualStudioVersion = 10.0.40219.1
Project("{9A19103F-16F7-4668-BE54-9A1E7A4F7556}") = "NTier_ECommerce_UI", "NTier_ECommerce_UI\NTier_ECommerce_UI.csproj", "{1C9EE3D7-D2D1-40DC-B06A-91BEF36B4E1D}"
EndProject
Project("{9A19103F-16F7-4668-BE54-9A1E7A4F7556}") = "NTier_Ecommerce_BLL", "NTier_Ecommerce_BLL\NTier_Ecommerce_BLL.csproj", "{10409164-FA23-4237-B8E6-FFAB5124434D}"
EndProject
Project("{9A19103F-16F7-4668-BE54-9A1E7A4F7556}") = "NTier_ECommerce_DAL", "NTier_ECommerce_DAL\NTier_ECommerce_DAL.csproj", "{0A9C1FB7-0E8B-4DE8-8074-F92A1420F8D3}"
EndProject
Project("{9A19103F-16F7-4668-BE54-9A1E7A4F7556}") = "NTier_ECommerce_Entities", "NTier_ECommerce_Entities\NTier_ECommerce_Entities.csproj", "{5E2ABCD5-47FF-467D-AA36-A932C7F36884}"
EndProject
Project("{FAE04EC0-301F-11D3-BF4B-00C04F79EFBC}") = "DTOLayer", "DTOLayer\DTOLayer.csproj", "{B43FDB83-3608-4FC2-B846-9C0B26FBE8AE}"
EndProject
Global
	GlobalSection(SolutionConfigurationPlatforms) = preSolution
		Debug|Any CPU = Debug|Any CPU
		Release|Any CPU = Release|Any CPU
	EndGlobalSection
	GlobalSection(ProjectConfigurationPlatforms) = postSolution
		{1C9EE3D7-D2D1-40DC-B06A-91BEF36B4E1D}.Debug|Any CPU.ActiveCfg = Debug|Any CPU
		{1C9EE3D7-D2D1-40DC-B06A-91BEF36B4E1D}.Debug|Any CPU.Build.0 = Debug|Any CPU
		{1C9EE3D7-D2D1-40DC-B06A-91BEF36B4E1D}.Release|Any CPU.ActiveCfg = Release|Any CPU
		{1C9EE3D7-D2D1-40DC-B06A-91BEF36B4E1D}.Release|Any CPU.Build.0 = Release|Any CPU
		{10409164-FA23-4237-B8E6-FFAB5124434D}.Debug|Any CPU.ActiveCfg = Debug|Any CPU
		{10409164-FA23-4237-B8E6-FFAB5124434D}.Debug|Any CPU.Build.0 = Debug|Any CPU
		{10409164-FA23-4237-B8E6-FFAB5124434D}.Release|Any CPU.ActiveCfg = Release|Any CPU
		{10409164-FA23-4237-B8E6-FFAB5124434D}.Release|Any CPU.Build.0 = Release|Any CPU
		{0A9C1FB7-0E8B-4DE8-8074-F92A1420F8D3}.Debug|Any CPU.ActiveCfg = Debug|Any CPU
		{0A9C1FB7-0E8B-4DE8-8074-F92A1420F8D3}.Debug|Any CPU.Build.0 = Debug|Any CPU
		{0A9C1FB7-0E8B-4DE8-8074-F92A1420F8D3}.Release|Any CPU.ActiveCfg = Release|Any CPU
		{0A9C1FB7-0E8B-4DE8-8074-F92A1420F8D3}.Release|Any CPU.Build.0 = Release|Any CPU
		{5E2ABCD5-47FF-467D-AA36-A932C7F36884}.Debug|Any CPU.ActiveCfg = Debug|Any CPU
		{5E2ABCD5-47FF-467D-AA36-A932C7F36884}.Debug|Any CPU.Build.0 = Debug|Any CPU
		{5E2ABCD5-47FF-467D-AA36-A932C7F36884}.Release|Any CPU.ActiveCfg = Release|Any CPU
		{5E2ABCD5-47FF-467D-AA36-A932C7F36884}.Release|Any CPU.Build.0 = Release|Any CPU
		{B43FDB83-3608-4FC2-B846-9C0B26FBE8AE}.Debug|Any CPU.ActiveCfg = Debug|Any CPU
		{B43FDB83-3608-4FC2-B846-9C0B26FBE8AE}.Debug|Any CPU.Build.0 = Debug|Any CPU
		{B43FDB83-3608-4FC2-B846-9C0B26FBE8AE}.Release|Any CPU.ActiveCfg = Release|Any CPU
		{B43FDB83-3608-4FC2-B846-9C0B26FBE8AE}.Release|Any CPU.Build.0 = Release|Any CPU
	EndGlobalSection
	GlobalSection(SolutionProperties) = preSolution
		HideSolutionNode = FALSE
	EndGlobalSection
	GlobalSection(ExtensibilityGlobals) = postSolution
		SolutionGuid = {D890D129-25BB-4AEB-9215-B206EAE69E1B}
	EndGlobalSection
EndGlobal
